
Microsoft Visual Studio Solution File, Format Version 12.00
# Visual Studio Version 16
VisualStudioVersion = 16.0.32413.511
MinimumVisualStudioVersion = 10.0.40219.1
Project("{9A19103F-16F7-4668-BE54-9A1E7A4F7556}") = "Server1", "Server1\Server1.csproj", "{096FB0A1-8271-4FD4-A788-7C314EBE2952}"
EndProject
Project("{9A19103F-16F7-4668-BE54-9A1E7A4F7556}") = "Server2", "Server2\Server2.csproj", "{2D9FA7E0-88C2-4A88-8AF5-5226D3333A7F}"
EndProject
Project("{9A19103F-16F7-4668-BE54-9A1E7A4F7556}") = "Client", "Client\Client.csproj", "{19B79D7E-3B9B-4FC8-916B-E12C2EE37D74}"
EndProject
Project("{9A19103F-16F7-4668-BE54-9A1E7A4F7556}") = "Server3", "Server3\Server3.csproj", "{67994439-3CCC-4E44-84A4-994C9925E6C7}"
EndProject
Project("{9A19103F-16F7-4668-BE54-9A1E7A4F7556}") = "Server4", "Server4\Server4.csproj", "{7AE484A9-B64B-4644-90BD-A88C2B5377A9}"
EndProject
Project("{9A19103F-16F7-4668-BE54-9A1E7A4F7556}") = "Server5", "Server5\Server5.csproj", "{4F11E656-E6A7-452C-B3AF-7228EE287F2D}"
EndProject
Project("{FAE04EC0-301F-11D3-BF4B-00C04F79EFBC}") = "ClientApp1", "ClientApp1\ClientApp1.csproj", "{0025098A-7807-40D6-B6BE-21573A0EBCCC}"
EndProject
Project("{FAE04EC0-301F-11D3-BF4B-00C04F79EFBC}") = "ClientApp2", "ClientApp2\ClientApp2.csproj", "{885C09F5-01B2-4E7A-9378-9DD49CC10781}"
EndProject
Global
	GlobalSection(SolutionConfigurationPlatforms) = preSolution
		Debug|Any CPU = Debug|Any CPU
		Release|Any CPU = Release|Any CPU
	EndGlobalSection
	GlobalSection(ProjectConfigurationPlatforms) = postSolution
		{096FB0A1-8271-4FD4-A788-7C314EBE2952}.Debug|Any CPU.ActiveCfg = Debug|Any CPU
		{096FB0A1-8271-4FD4-A788-7C314EBE2952}.Debug|Any CPU.Build.0 = Debug|Any CPU
		{096FB0A1-8271-4FD4-A788-7C314EBE2952}.Release|Any CPU.ActiveCfg = Release|Any CPU
		{096FB0A1-8271-4FD4-A788-7C314EBE2952}.Release|Any CPU.Build.0 = Release|Any CPU
		{2D9FA7E0-88C2-4A88-8AF5-5226D3333A7F}.Debug|Any CPU.ActiveCfg = Debug|Any CPU
		{2D9FA7E0-88C2-4A88-8AF5-5226D3333A7F}.Debug|Any CPU.Build.0 = Debug|Any CPU
		{2D9FA7E0-88C2-4A88-8AF5-5226D3333A7F}.Release|Any CPU.ActiveCfg = Release|Any CPU
		{2D9FA7E0-88C2-4A88-8AF5-5226D3333A7F}.Release|Any CPU.Build.0 = Release|Any CPU
		{19B79D7E-3B9B-4FC8-916B-E12C2EE37D74}.Debug|Any CPU.ActiveCfg = Debug|Any CPU
		{19B79D7E-3B9B-4FC8-916B-E12C2EE37D74}.Debug|Any CPU.Build.0 = Debug|Any CPU
		{19B79D7E-3B9B-4FC8-916B-E12C2EE37D74}.Release|Any CPU.ActiveCfg = Release|Any CPU
		{19B79D7E-3B9B-4FC8-916B-E12C2EE37D74}.Release|Any CPU.Build.0 = Release|Any CPU
		{67994439-3CCC-4E44-84A4-994C9925E6C7}.Debug|Any CPU.ActiveCfg = Debug|Any CPU
		{67994439-3CCC-4E44-84A4-994C9925E6C7}.Debug|Any CPU.Build.0 = Debug|Any CPU
		{67994439-3CCC-4E44-84A4-994C9925E6C7}.Release|Any CPU.ActiveCfg = Release|Any CPU
		{67994439-3CCC-4E44-84A4-994C9925E6C7}.Release|Any CPU.Build.0 = Release|Any CPU
		{7AE484A9-B64B-4644-90BD-A88C2B5377A9}.Debug|Any CPU.ActiveCfg = Debug|Any CPU
		{7AE484A9-B64B-4644-90BD-A88C2B5377A9}.Debug|Any CPU.Build.0 = Debug|Any CPU
		{7AE484A9-B64B-4644-90BD-A88C2B5377A9}.Release|Any CPU.ActiveCfg = Release|Any CPU
		{7AE484A9-B64B-4644-90BD-A88C2B5377A9}.Release|Any CPU.Build.0 = Release|Any CPU
		{4F11E656-E6A7-452C-B3AF-7228EE287F2D}.Debug|Any CPU.ActiveCfg = Debug|Any CPU
		{4F11E656-E6A7-452C-B3AF-7228EE287F2D}.Debug|Any CPU.Build.0 = Debug|Any CPU
		{4F11E656-E6A7-452C-B3AF-7228EE287F2D}.Release|Any CPU.ActiveCfg = Release|Any CPU
		{4F11E656-E6A7-452C-B3AF-7228EE287F2D}.Release|Any CPU.Build.0 = Release|Any CPU
		{0025098A-7807-40D6-B6BE-21573A0EBCCC}.Debug|Any CPU.ActiveCfg = Debug|Any CPU
		{0025098A-7807-40D6-B6BE-21573A0EBCCC}.Debug|Any CPU.Build.0 = Debug|Any CPU
		{0025098A-7807-40D6-B6BE-21573A0EBCCC}.Release|Any CPU.ActiveCfg = Release|Any CPU
		{0025098A-7807-40D6-B6BE-21573A0EBCCC}.Release|Any CPU.Build.0 = Release|Any CPU
		{885C09F5-01B2-4E7A-9378-9DD49CC10781}.Debug|Any CPU.ActiveCfg = Debug|Any CPU
		{885C09F5-01B2-4E7A-9378-9DD49CC10781}.Debug|Any CPU.Build.0 = Debug|Any CPU
		{885C09F5-01B2-4E7A-9378-9DD49CC10781}.Release|Any CPU.ActiveCfg = Release|Any CPU
		{885C09F5-01B2-4E7A-9378-9DD49CC10781}.Release|Any CPU.Build.0 = Release|Any CPU
	EndGlobalSection
	GlobalSection(SolutionProperties) = preSolution
		HideSolutionNode = FALSE
	EndGlobalSection
	GlobalSection(ExtensibilityGlobals) = postSolution
		SolutionGuid = {533D07F0-A14F-4B11-A486-4FD9FB0A350B}
	EndGlobalSection
EndGlobal
